
Microsoft Visual Studio Solution File, Format Version 12.00
# Visual Studio Version 16
VisualStudioVersion = 16.0.29609.76
MinimumVisualStudioVersion = 10.0.40219.1
Project("{9A19103F-16F7-4668-BE54-9A1E7A4F7556}") = "Wjire.Excel", "Wjire.Excel\Wjire.Excel.csproj", "{740D2158-D99B-44FA-962E-CACB148D79C0}"
EndProject
Project("{9A19103F-16F7-4668-BE54-9A1E7A4F7556}") = "Wjire.Common", "Wjire.Common\Wjire.Common.csproj", "{FDD43D08-F67A-4E7C-82E3-6663ED1213EC}"
EndProject
Project("{2150E333-8FDC-42A3-9474-1A3956D46DE8}") = "00 Lib", "00 Lib", "{65182266-8094-418A-9A4A-B5985AD2ED2E}"
EndProject
Project("{2150E333-8FDC-42A3-9474-1A3956D46DE8}") = "01 Private", "01 Private", "{0D5403D6-DF3A-4992-8D85-19E8CED9C03B}"
EndProject
Project("{9A19103F-16F7-4668-BE54-9A1E7A4F7556}") = "Wjire.ASP.NET.Core", "Wjire.ASP.NET.Core\Wjire.ASP.NET.Core.csproj", "{1ACF354C-CD05-4CB6-ACA6-B69A0CFED3CE}"
EndProject
Project("{FAE04EC0-301F-11D3-BF4B-00C04F79EFBC}") = "Wjire.ProjectManager", "Wjire.ProjectManager\Wjire.ProjectManager.csproj", "{2816F510-3FEE-41AA-B80E-C06F9C83EE63}"
EndProject
Project("{9A19103F-16F7-4668-BE54-9A1E7A4F7556}") = "Wjire.ProjectManager.WebApi", "Wjire.ProjectManager.WebApi\Wjire.ProjectManager.WebApi.csproj", "{E0CC235C-31CD-4C56-B6F2-384B43678AD7}"
EndProject
Project("{2150E333-8FDC-42A3-9474-1A3956D46DE8}") = "02 Test", "02 Test", "{4342A7F6-961A-4D73-8712-AC046D0DE322}"
EndProject
Project("{9A19103F-16F7-4668-BE54-9A1E7A4F7556}") = "Wjire.Log", "Wjire.Log\Wjire.Log.csproj", "{D92A8003-507A-47E8-BB19-DD22B492A0C1}"
EndProject
Project("{9A19103F-16F7-4668-BE54-9A1E7A4F7556}") = "Wjire.Log.Test", "Wjire.Log.Test\Wjire.Log.Test.csproj", "{563F82BF-6D2A-436B-ACDF-A6EB69145E61}"
EndProject
Project("{9A19103F-16F7-4668-BE54-9A1E7A4F7556}") = "Wjire.Excel.Test.WebApi", "Wjire.Excel.Test.WebApi\Wjire.Excel.Test.WebApi.csproj", "{5CF087C9-72C6-41AE-B1CB-F6A99E2EB3ED}"
EndProject
Project("{9A19103F-16F7-4668-BE54-9A1E7A4F7556}") = "Wjire.Excel.Test.Console", "Wjire.Excel.Test.Console\Wjire.Excel.Test.Console.csproj", "{BED6C16C-6664-452F-9F05-3DF02787433F}"
EndProject
Project("{9A19103F-16F7-4668-BE54-9A1E7A4F7556}") = "Wjire.ASP.NET.Core3.1.Demo", "Wjire.ASP.NET.Core3.1.Demo\Wjire.ASP.NET.Core3.1.Demo.csproj", "{EFC5FE2F-0AF5-407E-A468-749540270898}"
EndProject
Project("{9A19103F-16F7-4668-BE54-9A1E7A4F7556}") = "Wjire.UI.Demo", "Wjire.UI.Demo\Wjire.UI.Demo.csproj", "{C8D1303A-F938-4ECF-9274-E0E5D9C57EA5}"
EndProject
Project("{9A19103F-16F7-4668-BE54-9A1E7A4F7556}") = "Wjire.CommonTests", "Wjire.CommonTests\Wjire.CommonTests.csproj", "{29E0D4A2-CA32-49C0-A009-971B87E16370}"
EndProject
Project("{9A19103F-16F7-4668-BE54-9A1E7A4F7556}") = "Wjire.Encrypt", "Wjire.Encrypt\Wjire.Encrypt.csproj", "{E3962CDB-85C5-40B5-A7E3-52CBD799C92C}"
EndProject
Project("{9A19103F-16F7-4668-BE54-9A1E7A4F7556}") = "Wjire.EncryptTests", "Wjire.EncryptTests\Wjire.EncryptTests.csproj", "{A7EE87F0-A6DD-432C-AC2A-159C252A2905}"
EndProject
Project("{9A19103F-16F7-4668-BE54-9A1E7A4F7556}") = "Wjire.Test", "Wjire.Test\Wjire.Test.csproj", "{47C038A0-9791-4709-9C6B-1F4FE44503C1}"
EndProject
Project("{9A19103F-16F7-4668-BE54-9A1E7A4F7556}") = "Wjire.Model", "Wjire.Model\Wjire.Model.csproj", "{6281C684-1D86-4EF5-8819-715EA51A36D3}"
EndProject
Project("{9A19103F-16F7-4668-BE54-9A1E7A4F7556}") = "Wjire.Redis.RedLock.Demo", "Wjire.Redis.RedLock.Demo\Wjire.Redis.RedLock.Demo.csproj", "{8E7199C0-2CD3-411E-BEA7-FC61F6E40142}"
EndProject
Project("{2150E333-8FDC-42A3-9474-1A3956D46DE8}") = "00 Redis", "00 Redis", "{27DB8925-8A75-41E6-9AB1-BD93EF73C94E}"
EndProject
Project("{9A19103F-16F7-4668-BE54-9A1E7A4F7556}") = "Wjire.Redis.RedLock.Demo.Test", "Wjire.Redis.RedLock.Demo.Test\Wjire.Redis.RedLock.Demo.Test.csproj", "{1F8FEC55-1665-4770-BCCD-8DC8ACC3F094}"
EndProject
Project("{FAE04EC0-301F-11D3-BF4B-00C04F79EFBC}") = "Wjire.Redis.SingleNodeLock.Demo", "Wjire.Redis.SingleNodeLock.Demo\Wjire.Redis.SingleNodeLock.Demo.csproj", "{AD857EC2-CFA3-49E1-AF31-E382D5A1E8E4}"
EndProject
Global
	GlobalSection(SolutionConfigurationPlatforms) = preSolution
		Debug|Any CPU = Debug|Any CPU
		Release|Any CPU = Release|Any CPU
	EndGlobalSection
	GlobalSection(ProjectConfigurationPlatforms) = postSolution
		{740D2158-D99B-44FA-962E-CACB148D79C0}.Debug|Any CPU.ActiveCfg = Debug|Any CPU
		{740D2158-D99B-44FA-962E-CACB148D79C0}.Debug|Any CPU.Build.0 = Debug|Any CPU
		{740D2158-D99B-44FA-962E-CACB148D79C0}.Release|Any CPU.ActiveCfg = Release|Any CPU
		{740D2158-D99B-44FA-962E-CACB148D79C0}.Release|Any CPU.Build.0 = Release|Any CPU
		{FDD43D08-F67A-4E7C-82E3-6663ED1213EC}.Debug|Any CPU.ActiveCfg = Debug|Any CPU
		{FDD43D08-F67A-4E7C-82E3-6663ED1213EC}.Debug|Any CPU.Build.0 = Debug|Any CPU
		{FDD43D08-F67A-4E7C-82E3-6663ED1213EC}.Release|Any CPU.ActiveCfg = Release|Any CPU
		{FDD43D08-F67A-4E7C-82E3-6663ED1213EC}.Release|Any CPU.Build.0 = Release|Any CPU
		{1ACF354C-CD05-4CB6-ACA6-B69A0CFED3CE}.Debug|Any CPU.ActiveCfg = Debug|Any CPU
		{1ACF354C-CD05-4CB6-ACA6-B69A0CFED3CE}.Debug|Any CPU.Build.0 = Debug|Any CPU
		{1ACF354C-CD05-4CB6-ACA6-B69A0CFED3CE}.Release|Any CPU.ActiveCfg = Release|Any CPU
		{1ACF354C-CD05-4CB6-ACA6-B69A0CFED3CE}.Release|Any CPU.Build.0 = Release|Any CPU
		{2816F510-3FEE-41AA-B80E-C06F9C83EE63}.Debug|Any CPU.ActiveCfg = Debug|Any CPU
		{2816F510-3FEE-41AA-B80E-C06F9C83EE63}.Debug|Any CPU.Build.0 = Debug|Any CPU
		{2816F510-3FEE-41AA-B80E-C06F9C83EE63}.Release|Any CPU.ActiveCfg = Release|Any CPU
		{2816F510-3FEE-41AA-B80E-C06F9C83EE63}.Release|Any CPU.Build.0 = Release|Any CPU
		{E0CC235C-31CD-4C56-B6F2-384B43678AD7}.Debug|Any CPU.ActiveCfg = Debug|Any CPU
		{E0CC235C-31CD-4C56-B6F2-384B43678AD7}.Debug|Any CPU.Build.0 = Debug|Any CPU
		{E0CC235C-31CD-4C56-B6F2-384B43678AD7}.Release|Any CPU.ActiveCfg = Release|Any CPU
		{E0CC235C-31CD-4C56-B6F2-384B43678AD7}.Release|Any CPU.Build.0 = Release|Any CPU
		{D92A8003-507A-47E8-BB19-DD22B492A0C1}.Debug|Any CPU.ActiveCfg = Debug|Any CPU
		{D92A8003-507A-47E8-BB19-DD22B492A0C1}.Debug|Any CPU.Build.0 = Debug|Any CPU
		{D92A8003-507A-47E8-BB19-DD22B492A0C1}.Release|Any CPU.ActiveCfg = Release|Any CPU
		{D92A8003-507A-47E8-BB19-DD22B492A0C1}.Release|Any CPU.Build.0 = Release|Any CPU
		{563F82BF-6D2A-436B-ACDF-A6EB69145E61}.Debug|Any CPU.ActiveCfg = Debug|Any CPU
		{563F82BF-6D2A-436B-ACDF-A6EB69145E61}.Debug|Any CPU.Build.0 = Debug|Any CPU
		{563F82BF-6D2A-436B-ACDF-A6EB69145E61}.Release|Any CPU.ActiveCfg = Release|Any CPU
		{563F82BF-6D2A-436B-ACDF-A6EB69145E61}.Release|Any CPU.Build.0 = Release|Any CPU
		{5CF087C9-72C6-41AE-B1CB-F6A99E2EB3ED}.Debug|Any CPU.ActiveCfg = Debug|Any CPU
		{5CF087C9-72C6-41AE-B1CB-F6A99E2EB3ED}.Debug|Any CPU.Build.0 = Debug|Any CPU
		{5CF087C9-72C6-41AE-B1CB-F6A99E2EB3ED}.Release|Any CPU.ActiveCfg = Release|Any CPU
		{5CF087C9-72C6-41AE-B1CB-F6A99E2EB3ED}.Release|Any CPU.Build.0 = Release|Any CPU
		{BED6C16C-6664-452F-9F05-3DF02787433F}.Debug|Any CPU.ActiveCfg = Debug|Any CPU
		{BED6C16C-6664-452F-9F05-3DF02787433F}.Debug|Any CPU.Build.0 = Debug|Any CPU
		{BED6C16C-6664-452F-9F05-3DF02787433F}.Release|Any CPU.ActiveCfg = Release|Any CPU
		{BED6C16C-6664-452F-9F05-3DF02787433F}.Release|Any CPU.Build.0 = Release|Any CPU
		{EFC5FE2F-0AF5-407E-A468-749540270898}.Debug|Any CPU.ActiveCfg = Debug|Any CPU
		{EFC5FE2F-0AF5-407E-A468-749540270898}.Debug|Any CPU.Build.0 = Debug|Any CPU
		{EFC5FE2F-0AF5-407E-A468-749540270898}.Release|Any CPU.ActiveCfg = Release|Any CPU
		{EFC5FE2F-0AF5-407E-A468-749540270898}.Release|Any CPU.Build.0 = Release|Any CPU
		{C8D1303A-F938-4ECF-9274-E0E5D9C57EA5}.Debug|Any CPU.ActiveCfg = Debug|Any CPU
		{C8D1303A-F938-4ECF-9274-E0E5D9C57EA5}.Debug|Any CPU.Build.0 = Debug|Any CPU
		{C8D1303A-F938-4ECF-9274-E0E5D9C57EA5}.Release|Any CPU.ActiveCfg = Release|Any CPU
		{C8D1303A-F938-4ECF-9274-E0E5D9C57EA5}.Release|Any CPU.Build.0 = Release|Any CPU
		{29E0D4A2-CA32-49C0-A009-971B87E16370}.Debug|Any CPU.ActiveCfg = Debug|Any CPU
		{29E0D4A2-CA32-49C0-A009-971B87E16370}.Debug|Any CPU.Build.0 = Debug|Any CPU
		{29E0D4A2-CA32-49C0-A009-971B87E16370}.Release|Any CPU.ActiveCfg = Release|Any CPU
		{29E0D4A2-CA32-49C0-A009-971B87E16370}.Release|Any CPU.Build.0 = Release|Any CPU
		{E3962CDB-85C5-40B5-A7E3-52CBD799C92C}.Debug|Any CPU.ActiveCfg = Debug|Any CPU
		{E3962CDB-85C5-40B5-A7E3-52CBD799C92C}.Debug|Any CPU.Build.0 = Debug|Any CPU
		{E3962CDB-85C5-40B5-A7E3-52CBD799C92C}.Release|Any CPU.ActiveCfg = Release|Any CPU
		{E3962CDB-85C5-40B5-A7E3-52CBD799C92C}.Release|Any CPU.Build.0 = Release|Any CPU
		{A7EE87F0-A6DD-432C-AC2A-159C252A2905}.Debug|Any CPU.ActiveCfg = Debug|Any CPU
		{A7EE87F0-A6DD-432C-AC2A-159C252A2905}.Debug|Any CPU.Build.0 = Debug|Any CPU
		{A7EE87F0-A6DD-432C-AC2A-159C252A2905}.Release|Any CPU.ActiveCfg = Release|Any CPU
		{A7EE87F0-A6DD-432C-AC2A-159C252A2905}.Release|Any CPU.Build.0 = Release|Any CPU
		{47C038A0-9791-4709-9C6B-1F4FE44503C1}.Debug|Any CPU.ActiveCfg = Debug|Any CPU
		{47C038A0-9791-4709-9C6B-1F4FE44503C1}.Debug|Any CPU.Build.0 = Debug|Any CPU
		{47C038A0-9791-4709-9C6B-1F4FE44503C1}.Release|Any CPU.ActiveCfg = Release|Any CPU
		{47C038A0-9791-4709-9C6B-1F4FE44503C1}.Release|Any CPU.Build.0 = Release|Any CPU
		{6281C684-1D86-4EF5-8819-715EA51A36D3}.Debug|Any CPU.ActiveCfg = Debug|Any CPU
		{6281C684-1D86-4EF5-8819-715EA51A36D3}.Debug|Any CPU.Build.0 = Debug|Any CPU
		{6281C684-1D86-4EF5-8819-715EA51A36D3}.Release|Any CPU.ActiveCfg = Release|Any CPU
		{6281C684-1D86-4EF5-8819-715EA51A36D3}.Release|Any CPU.Build.0 = Release|Any CPU
		{8E7199C0-2CD3-411E-BEA7-FC61F6E40142}.Debug|Any CPU.ActiveCfg = Debug|Any CPU
		{8E7199C0-2CD3-411E-BEA7-FC61F6E40142}.Debug|Any CPU.Build.0 = Debug|Any CPU
		{8E7199C0-2CD3-411E-BEA7-FC61F6E40142}.Release|Any CPU.ActiveCfg = Release|Any CPU
		{8E7199C0-2CD3-411E-BEA7-FC61F6E40142}.Release|Any CPU.Build.0 = Release|Any CPU
		{1F8FEC55-1665-4770-BCCD-8DC8ACC3F094}.Debug|Any CPU.ActiveCfg = Debug|Any CPU
		{1F8FEC55-1665-4770-BCCD-8DC8ACC3F094}.Debug|Any CPU.Build.0 = Debug|Any CPU
		{1F8FEC55-1665-4770-BCCD-8DC8ACC3F094}.Release|Any CPU.ActiveCfg = Release|Any CPU
		{1F8FEC55-1665-4770-BCCD-8DC8ACC3F094}.Release|Any CPU.Build.0 = Release|Any CPU
		{AD857EC2-CFA3-49E1-AF31-E382D5A1E8E4}.Debug|Any CPU.ActiveCfg = Debug|Any CPU
		{AD857EC2-CFA3-49E1-AF31-E382D5A1E8E4}.Debug|Any CPU.Build.0 = Debug|Any CPU
		{AD857EC2-CFA3-49E1-AF31-E382D5A1E8E4}.Release|Any CPU.ActiveCfg = Release|Any CPU
		{AD857EC2-CFA3-49E1-AF31-E382D5A1E8E4}.Release|Any CPU.Build.0 = Release|Any CPU
	EndGlobalSection
	GlobalSection(SolutionProperties) = preSolution
		HideSolutionNode = FALSE
	EndGlobalSection
	GlobalSection(NestedProjects) = preSolution
		{740D2158-D99B-44FA-962E-CACB148D79C0} = {65182266-8094-418A-9A4A-B5985AD2ED2E}
		{FDD43D08-F67A-4E7C-82E3-6663ED1213EC} = {65182266-8094-418A-9A4A-B5985AD2ED2E}
		{1ACF354C-CD05-4CB6-ACA6-B69A0CFED3CE} = {0D5403D6-DF3A-4992-8D85-19E8CED9C03B}
		{2816F510-3FEE-41AA-B80E-C06F9C83EE63} = {65182266-8094-418A-9A4A-B5985AD2ED2E}
		{E0CC235C-31CD-4C56-B6F2-384B43678AD7} = {0D5403D6-DF3A-4992-8D85-19E8CED9C03B}
		{D92A8003-507A-47E8-BB19-DD22B492A0C1} = {65182266-8094-418A-9A4A-B5985AD2ED2E}
		{563F82BF-6D2A-436B-ACDF-A6EB69145E61} = {4342A7F6-961A-4D73-8712-AC046D0DE322}
		{5CF087C9-72C6-41AE-B1CB-F6A99E2EB3ED} = {4342A7F6-961A-4D73-8712-AC046D0DE322}
		{BED6C16C-6664-452F-9F05-3DF02787433F} = {4342A7F6-961A-4D73-8712-AC046D0DE322}
		{EFC5FE2F-0AF5-407E-A468-749540270898} = {65182266-8094-418A-9A4A-B5985AD2ED2E}
		{C8D1303A-F938-4ECF-9274-E0E5D9C57EA5} = {65182266-8094-418A-9A4A-B5985AD2ED2E}
		{29E0D4A2-CA32-49C0-A009-971B87E16370} = {4342A7F6-961A-4D73-8712-AC046D0DE322}
		{E3962CDB-85C5-40B5-A7E3-52CBD799C92C} = {65182266-8094-418A-9A4A-B5985AD2ED2E}
		{A7EE87F0-A6DD-432C-AC2A-159C252A2905} = {4342A7F6-961A-4D73-8712-AC046D0DE322}
		{47C038A0-9791-4709-9C6B-1F4FE44503C1} = {4342A7F6-961A-4D73-8712-AC046D0DE322}
		{6281C684-1D86-4EF5-8819-715EA51A36D3} = {4342A7F6-961A-4D73-8712-AC046D0DE322}
		{8E7199C0-2CD3-411E-BEA7-FC61F6E40142} = {27DB8925-8A75-41E6-9AB1-BD93EF73C94E}
		{1F8FEC55-1665-4770-BCCD-8DC8ACC3F094} = {27DB8925-8A75-41E6-9AB1-BD93EF73C94E}
		{AD857EC2-CFA3-49E1-AF31-E382D5A1E8E4} = {27DB8925-8A75-41E6-9AB1-BD93EF73C94E}
	EndGlobalSection
	GlobalSection(ExtensibilityGlobals) = postSolution
		SolutionGuid = {A0C62F8E-9218-4B02-A1E9-BEE305856407}
	EndGlobalSection
EndGlobal
