
Microsoft Visual Studio Solution File, Format Version 12.00
# Visual Studio 15
VisualStudioVersion = 15.0.28307.168
MinimumVisualStudioVersion = 10.0.40219.1
Project("{9A19103F-16F7-4668-BE54-9A1E7A4F7556}") = "Wjire.Excel", "Wjire.Excel\Wjire.Excel.csproj", "{740D2158-D99B-44FA-962E-CACB148D79C0}"
EndProject
Project("{9A19103F-16F7-4668-BE54-9A1E7A4F7556}") = "Wjire.Dapper", "Wjire.Dapper\Wjire.Dapper.csproj", "{1F381838-19D1-4097-B637-33FDCE185A94}"
EndProject
Project("{9A19103F-16F7-4668-BE54-9A1E7A4F7556}") = "Wjire.Db", "Wjire.Db\Wjire.Db.csproj", "{3A748268-95B7-46F4-8D59-E78CF8845E41}"
EndProject
Project("{9A19103F-16F7-4668-BE54-9A1E7A4F7556}") = "Wjire.Common", "Wjire.Common\Wjire.Common.csproj", "{FDD43D08-F67A-4E7C-82E3-6663ED1213EC}"
EndProject
Project("{2150E333-8FDC-42A3-9474-1A3956D46DE8}") = "09 Test", "09 Test", "{749007EB-1170-4CF0-BE6D-3068AA1E0648}"
EndProject
Project("{2150E333-8FDC-42A3-9474-1A3956D46DE8}") = "00 Lib", "00 Lib", "{65182266-8094-418A-9A4A-B5985AD2ED2E}"
EndProject
Project("{2150E333-8FDC-42A3-9474-1A3956D46DE8}") = "01 Private", "01 Private", "{0D5403D6-DF3A-4992-8D85-19E8CED9C03B}"
EndProject
Project("{9A19103F-16F7-4668-BE54-9A1E7A4F7556}") = "Wjire.ASP.NET.Core", "Wjire.ASP.NET.Core\Wjire.ASP.NET.Core.csproj", "{1ACF354C-CD05-4CB6-ACA6-B69A0CFED3CE}"
EndProject
Global
	GlobalSection(SolutionConfigurationPlatforms) = preSolution
		Debug|Any CPU = Debug|Any CPU
		Release|Any CPU = Release|Any CPU
	EndGlobalSection
	GlobalSection(ProjectConfigurationPlatforms) = postSolution
		{740D2158-D99B-44FA-962E-CACB148D79C0}.Debug|Any CPU.ActiveCfg = Debug|Any CPU
		{740D2158-D99B-44FA-962E-CACB148D79C0}.Debug|Any CPU.Build.0 = Debug|Any CPU
		{740D2158-D99B-44FA-962E-CACB148D79C0}.Release|Any CPU.ActiveCfg = Release|Any CPU
		{740D2158-D99B-44FA-962E-CACB148D79C0}.Release|Any CPU.Build.0 = Release|Any CPU
		{1F381838-19D1-4097-B637-33FDCE185A94}.Debug|Any CPU.ActiveCfg = Debug|Any CPU
		{1F381838-19D1-4097-B637-33FDCE185A94}.Debug|Any CPU.Build.0 = Debug|Any CPU
		{1F381838-19D1-4097-B637-33FDCE185A94}.Release|Any CPU.ActiveCfg = Release|Any CPU
		{1F381838-19D1-4097-B637-33FDCE185A94}.Release|Any CPU.Build.0 = Release|Any CPU
		{3A748268-95B7-46F4-8D59-E78CF8845E41}.Debug|Any CPU.ActiveCfg = Debug|Any CPU
		{3A748268-95B7-46F4-8D59-E78CF8845E41}.Debug|Any CPU.Build.0 = Debug|Any CPU
		{3A748268-95B7-46F4-8D59-E78CF8845E41}.Release|Any CPU.ActiveCfg = Release|Any CPU
		{3A748268-95B7-46F4-8D59-E78CF8845E41}.Release|Any CPU.Build.0 = Release|Any CPU
		{FDD43D08-F67A-4E7C-82E3-6663ED1213EC}.Debug|Any CPU.ActiveCfg = Debug|Any CPU
		{FDD43D08-F67A-4E7C-82E3-6663ED1213EC}.Debug|Any CPU.Build.0 = Debug|Any CPU
		{FDD43D08-F67A-4E7C-82E3-6663ED1213EC}.Release|Any CPU.ActiveCfg = Release|Any CPU
		{FDD43D08-F67A-4E7C-82E3-6663ED1213EC}.Release|Any CPU.Build.0 = Release|Any CPU
		{1ACF354C-CD05-4CB6-ACA6-B69A0CFED3CE}.Debug|Any CPU.ActiveCfg = Debug|Any CPU
		{1ACF354C-CD05-4CB6-ACA6-B69A0CFED3CE}.Debug|Any CPU.Build.0 = Debug|Any CPU
		{1ACF354C-CD05-4CB6-ACA6-B69A0CFED3CE}.Release|Any CPU.ActiveCfg = Release|Any CPU
		{1ACF354C-CD05-4CB6-ACA6-B69A0CFED3CE}.Release|Any CPU.Build.0 = Release|Any CPU
	EndGlobalSection
	GlobalSection(SolutionProperties) = preSolution
		HideSolutionNode = FALSE
	EndGlobalSection
	GlobalSection(NestedProjects) = preSolution
		{740D2158-D99B-44FA-962E-CACB148D79C0} = {65182266-8094-418A-9A4A-B5985AD2ED2E}
		{1F381838-19D1-4097-B637-33FDCE185A94} = {65182266-8094-418A-9A4A-B5985AD2ED2E}
		{3A748268-95B7-46F4-8D59-E78CF8845E41} = {65182266-8094-418A-9A4A-B5985AD2ED2E}
		{FDD43D08-F67A-4E7C-82E3-6663ED1213EC} = {65182266-8094-418A-9A4A-B5985AD2ED2E}
		{1ACF354C-CD05-4CB6-ACA6-B69A0CFED3CE} = {0D5403D6-DF3A-4992-8D85-19E8CED9C03B}
	EndGlobalSection
	GlobalSection(ExtensibilityGlobals) = postSolution
		SolutionGuid = {A0C62F8E-9218-4B02-A1E9-BEE305856407}
	EndGlobalSection
EndGlobal
